<?xml version="1.0" encoding="utf-8"?>
<Project ToolsVersion="4.0" xmlns="http://schemas.microsoft.com/developer/msbuild/2003">
  <ItemGroup>
    <Filter Include="Source Files">
      <UniqueIdentifier>{ee202d3d-429f-4c7e-b8b5-89575c6ec07b}</UniqueIdentifier>
      <Extensions>cpp;c;cxx;rc;def;r;odl;idl;hpj;bat;for;f90</Extensions>
    </Filter>
    <Filter Include="Header Files">
      <UniqueIdentifier>{000f06f3-333f-4743-af9d-b3b06c949754}</UniqueIdentifier>
      <Extensions>h;hpp;hxx;hm;inl;fi;fd</Extensions>
    </Filter>
    <Filter Include="Resource Files">
      <UniqueIdentifier>{8bd961d9-6438-4b9f-b1d1-8e06f5b8e012}</UniqueIdentifier>
      <Extensions>ico;cur;bmp;dlg;rc2;rct;bin;cnt;rtf;gif;jpg;jpeg;jpe</Extensions>
    </Filter>
  </ItemGroup>
  <ItemGroup>
    <ClCompile Include="MainFrm.cpp">
      <Filter>Source Files</Filter>
    </ClCompile>
    <ClCompile Include="PLApp.cpp">
      <Filter>Source Files</Filter>
    </ClCompile>
    <ClCompile Include="PLAppDoc.cpp">
      <Filter>Source Files</Filter>
    </ClCompile>
    <ClCompile Include="PLAppView.cpp">
      <Filter>Source Files</Filter>
    </ClCompile>
    <ClCompile Include="plserver.cpp">
      <Filter>Source Files</Filter>
    </ClCompile>
    <ClCompile Include="PrdDlg.cpp">
      <Filter>Source Files</Filter>
    </ClCompile>
    <ClCompile Include="StartServerDlg.cpp">
      <Filter>Source Files</Filter>
    </ClCompile>
    <ClCompile Include="StdAfx.cpp">
      <Filter>Source Files</Filter>
    </ClCompile>
    <ClCompile Include="Yleis.cpp">
      <Filter>Source Files</Filter>
    </ClCompile>
  </ItemGroup>
  <ItemGroup>
    <ResourceCompile Include="PLApp.rc">
      <Filter>Source Files</Filter>
    </ResourceCompile>
  </ItemGroup>
  <ItemGroup>
    <None Include="ReadMe.txt">
      <Filter>Source Files</Filter>
    </None>
    <None Include="res\PLApp.ico">
      <Filter>Resource Files</Filter>
    </None>
    <None Include="res\PLApp.rc2">
      <Filter>Resource Files</Filter>
    </None>
    <None Include="res\PLAppDoc.ico">
      <Filter>Resource Files</Filter>
    </None>
    <None Include="res\Toolbar.bmp">
      <Filter>Resource Files</Filter>
    </None>
  </ItemGroup>
  <ItemGroup>
    <ClInclude Include="const.h">
      <Filter>Header Files</Filter>
    </ClInclude>
    <ClInclude Include="MainFrm.h">
      <Filter>Header Files</Filter>
    </ClInclude>
    <ClInclude Include="PLApp.h">
      <Filter>Header Files</Filter>
    </ClInclude>
    <ClInclude Include="PLAppDoc.h">
      <Filter>Header Files</Filter>
    </ClInclude>
    <ClInclude Include="PLAppView.h">
      <Filter>Header Files</Filter>
    </ClInclude>
    <ClInclude Include="plserver.h">
      <Filter>Header Files</Filter>
    </ClInclude>
    <ClInclude Include="PrdDlg.h">
      <Filter>Header Files</Filter>
    </ClInclude>
    <ClInclude Include="resource.h">
      <Filter>Header Files</Filter>
    </ClInclude>
    <ClInclude Include="StartServerDlg.h">
      <Filter>Header Files</Filter>
    </ClInclude>
    <ClInclude Include="StdAfx.h">
      <Filter>Header Files</Filter>
    </ClInclude>
    <ClInclude Include="Yleis.h">
      <Filter>Header Files</Filter>
    </ClInclude>
  </ItemGroup>
</Project>