<?xml version="1.0" encoding="utf-8"?>
<Project ToolsVersion="4.0" xmlns="http://schemas.microsoft.com/developer/msbuild/2003">
  <ItemGroup>
    <Filter Include="Source Files">
      <UniqueIdentifier>{6351d620-dd4b-477f-97aa-5bebebe33674}</UniqueIdentifier>
      <Extensions>cpp;c;cxx;rc;def;r;odl;idl;hpj;bat</Extensions>
    </Filter>
    <Filter Include="Header Files">
      <UniqueIdentifier>{9d9461c9-9312-4f87-882c-e1234ca716ed}</UniqueIdentifier>
      <Extensions>h;hpp;hxx;hm;inl</Extensions>
    </Filter>
    <Filter Include="Resource Files">
      <UniqueIdentifier>{7724ab72-07f7-43e4-b3c6-568e4a0ee85e}</UniqueIdentifier>
      <Extensions>ico;cur;bmp;dlg;rc2;rct;bin;rgs;gif;jpg;jpeg;jpe</Extensions>
    </Filter>
  </ItemGroup>
  <ItemGroup>
    <ClCompile Include="BSConnections.cpp">
      <Filter>Source Files</Filter>
    </ClCompile>
    <ClCompile Include="CDPLServer.cpp">
      <Filter>Source Files</Filter>
    </ClCompile>
    <ClCompile Include="DataProcessing.cpp">
      <Filter>Source Files</Filter>
    </ClCompile>
    <ClCompile Include="PLMultiThread.cpp">
      <Filter>Source Files</Filter>
    </ClCompile>
    <ClCompile Include="PLMultiThreadDlg.cpp">
      <Filter>Source Files</Filter>
    </ClCompile>
    <ClCompile Include="StdAfx.cpp">
      <Filter>Source Files</Filter>
    </ClCompile>
    <ClCompile Include="YLEIS.CPP">
      <Filter>Source Files</Filter>
    </ClCompile>
  </ItemGroup>
  <ItemGroup>
    <ResourceCompile Include="PLMultiThread.rc">
      <Filter>Source Files</Filter>
    </ResourceCompile>
  </ItemGroup>
  <ItemGroup>
    <ClInclude Include="BSConnections.h">
      <Filter>Header Files</Filter>
    </ClInclude>
    <ClInclude Include="CDPLServer.h">
      <Filter>Header Files</Filter>
    </ClInclude>
    <ClInclude Include="DataProcessing.h">
      <Filter>Header Files</Filter>
    </ClInclude>
    <ClInclude Include="PLConst.h">
      <Filter>Header Files</Filter>
    </ClInclude>
    <ClInclude Include="PLMultiThread.h">
      <Filter>Header Files</Filter>
    </ClInclude>
    <ClInclude Include="PLMultiThreadDlg.h">
      <Filter>Header Files</Filter>
    </ClInclude>
    <ClInclude Include="Resource.h">
      <Filter>Header Files</Filter>
    </ClInclude>
    <ClInclude Include="StdAfx.h">
      <Filter>Header Files</Filter>
    </ClInclude>
    <ClInclude Include="Yleis.h">
      <Filter>Header Files</Filter>
    </ClInclude>
  </ItemGroup>
  <ItemGroup>
    <None Include="res\PLMultiThread.ico">
      <Filter>Resource Files</Filter>
    </None>
    <None Include="res\PLMultiThread.rc2">
      <Filter>Resource Files</Filter>
    </None>
    <None Include="ReadMe.txt" />
  </ItemGroup>
</Project>